
Microsoft Visual Studio Solution File, Format Version 12.00
# Visual Studio 14
VisualStudioVersion = 14.0.25420.1
MinimumVisualStudioVersion = 10.0.40219.1
Project("{FAE04EC0-301F-11D3-BF4B-00C04F79EFBC}") = "Layer.Data", "Layer.Data\Layer.Data.csproj", "{D9EE4909-3E10-4C88-99BB-F220D4D435D1}"
EndProject
Project("{FAE04EC0-301F-11D3-BF4B-00C04F79EFBC}") = "Layer.Domain", "Layer.Domain\Layer.Domain.csproj", "{7B784959-382F-4BDF-8998-D5D3F84C0E8B}"
EndProject
Project("{FAE04EC0-301F-11D3-BF4B-00C04F79EFBC}") = "Layer.Application", "Layer.Application\Layer.Application.csproj", "{210225EB-BF69-4218-B961-16755F4CEF7A}"
	ProjectSection(ProjectDependencies) = postProject
		{D9EE4909-3E10-4C88-99BB-F220D4D435D1} = {D9EE4909-3E10-4C88-99BB-F220D4D435D1}
		{7B784959-382F-4BDF-8998-D5D3F84C0E8B} = {7B784959-382F-4BDF-8998-D5D3F84C0E8B}
	EndProjectSection
EndProject
Project("{FAE04EC0-301F-11D3-BF4B-00C04F79EFBC}") = "Layer.Auth", "Layer.Auth\Layer.Auth.csproj", "{1F371BC7-5E10-4F2B-901E-72CC0E0ACA2F}"
EndProject
Project("{FAE04EC0-301F-11D3-BF4B-00C04F79EFBC}") = "Layer.Api", "Layer.Api\Layer.Api.csproj", "{1A487AF4-F663-4D83-A97C-598A279C84F7}"
EndProject
Global
	GlobalSection(SolutionConfigurationPlatforms) = preSolution
		Debug|Any CPU = Debug|Any CPU
		Release|Any CPU = Release|Any CPU
	EndGlobalSection
	GlobalSection(ProjectConfigurationPlatforms) = postSolution
		{D9EE4909-3E10-4C88-99BB-F220D4D435D1}.Debug|Any CPU.ActiveCfg = Debug|Any CPU
		{D9EE4909-3E10-4C88-99BB-F220D4D435D1}.Debug|Any CPU.Build.0 = Debug|Any CPU
		{D9EE4909-3E10-4C88-99BB-F220D4D435D1}.Release|Any CPU.ActiveCfg = Release|Any CPU
		{D9EE4909-3E10-4C88-99BB-F220D4D435D1}.Release|Any CPU.Build.0 = Release|Any CPU
		{7B784959-382F-4BDF-8998-D5D3F84C0E8B}.Debug|Any CPU.ActiveCfg = Debug|Any CPU
		{7B784959-382F-4BDF-8998-D5D3F84C0E8B}.Debug|Any CPU.Build.0 = Debug|Any CPU
		{7B784959-382F-4BDF-8998-D5D3F84C0E8B}.Release|Any CPU.ActiveCfg = Release|Any CPU
		{7B784959-382F-4BDF-8998-D5D3F84C0E8B}.Release|Any CPU.Build.0 = Release|Any CPU
		{210225EB-BF69-4218-B961-16755F4CEF7A}.Debug|Any CPU.ActiveCfg = Debug|Any CPU
		{210225EB-BF69-4218-B961-16755F4CEF7A}.Debug|Any CPU.Build.0 = Debug|Any CPU
		{210225EB-BF69-4218-B961-16755F4CEF7A}.Release|Any CPU.ActiveCfg = Release|Any CPU
		{210225EB-BF69-4218-B961-16755F4CEF7A}.Release|Any CPU.Build.0 = Release|Any CPU
		{1F371BC7-5E10-4F2B-901E-72CC0E0ACA2F}.Debug|Any CPU.ActiveCfg = Debug|Any CPU
		{1F371BC7-5E10-4F2B-901E-72CC0E0ACA2F}.Debug|Any CPU.Build.0 = Debug|Any CPU
		{1F371BC7-5E10-4F2B-901E-72CC0E0ACA2F}.Release|Any CPU.ActiveCfg = Release|Any CPU
		{1F371BC7-5E10-4F2B-901E-72CC0E0ACA2F}.Release|Any CPU.Build.0 = Release|Any CPU
		{1A487AF4-F663-4D83-A97C-598A279C84F7}.Debug|Any CPU.ActiveCfg = Debug|Any CPU
		{1A487AF4-F663-4D83-A97C-598A279C84F7}.Debug|Any CPU.Build.0 = Debug|Any CPU
		{1A487AF4-F663-4D83-A97C-598A279C84F7}.Release|Any CPU.ActiveCfg = Release|Any CPU
		{1A487AF4-F663-4D83-A97C-598A279C84F7}.Release|Any CPU.Build.0 = Release|Any CPU
	EndGlobalSection
	GlobalSection(SolutionProperties) = preSolution
		HideSolutionNode = FALSE
	EndGlobalSection
EndGlobal
